
Microsoft Visual Studio Solution File, Format Version 12.00
# Visual Studio 15
VisualStudioVersion = 15.0.28307.438
MinimumVisualStudioVersion = 10.0.40219.1
Project("{9A19103F-16F7-4668-BE54-9A1E7A4F7556}") = "TrvxTask.Data", "TrvxTask.Data\TrvxTask.Data.csproj", "{DB2CD7D3-9F25-4EB3-A670-4A4525BFC7A0}"
EndProject
Project("{FAE04EC0-301F-11D3-BF4B-00C04F79EFBC}") = "TrvxTask.Domain", "TrvxTask.Domain\TrvxTask.Domain.csproj", "{09FA1212-D6E4-456C-BC8F-A6A161250E24}"
EndProject
Project("{FAE04EC0-301F-11D3-BF4B-00C04F79EFBC}") = "TrvxTask.Api", "TrvxTask.Api\TrvxTask.Api.csproj", "{12E98D35-F076-46EA-BBED-26F2F810970C}"
EndProject
Project("{FAE04EC0-301F-11D3-BF4B-00C04F79EFBC}") = "TrvxTask.Services", "TrvxTask.Services\TrvxTask.Services.csproj", "{BB11556A-4C38-4C64-AB08-E7E2E77FAE65}"
EndProject
Project("{FAE04EC0-301F-11D3-BF4B-00C04F79EFBC}") = "TrvxTask.Test", "TrvxTask.Test\TrvxTask.Test.csproj", "{D5303EBE-2F41-48E9-A5E6-3CCB47743D36}"
EndProject
Global
	GlobalSection(SolutionConfigurationPlatforms) = preSolution
		Debug|Any CPU = Debug|Any CPU
		Release|Any CPU = Release|Any CPU
	EndGlobalSection
	GlobalSection(ProjectConfigurationPlatforms) = postSolution
		{DB2CD7D3-9F25-4EB3-A670-4A4525BFC7A0}.Debug|Any CPU.ActiveCfg = Debug|Any CPU
		{DB2CD7D3-9F25-4EB3-A670-4A4525BFC7A0}.Debug|Any CPU.Build.0 = Debug|Any CPU
		{DB2CD7D3-9F25-4EB3-A670-4A4525BFC7A0}.Release|Any CPU.ActiveCfg = Release|Any CPU
		{DB2CD7D3-9F25-4EB3-A670-4A4525BFC7A0}.Release|Any CPU.Build.0 = Release|Any CPU
		{09FA1212-D6E4-456C-BC8F-A6A161250E24}.Debug|Any CPU.ActiveCfg = Debug|Any CPU
		{09FA1212-D6E4-456C-BC8F-A6A161250E24}.Debug|Any CPU.Build.0 = Debug|Any CPU
		{09FA1212-D6E4-456C-BC8F-A6A161250E24}.Release|Any CPU.ActiveCfg = Release|Any CPU
		{09FA1212-D6E4-456C-BC8F-A6A161250E24}.Release|Any CPU.Build.0 = Release|Any CPU
		{12E98D35-F076-46EA-BBED-26F2F810970C}.Debug|Any CPU.ActiveCfg = Debug|Any CPU
		{12E98D35-F076-46EA-BBED-26F2F810970C}.Debug|Any CPU.Build.0 = Debug|Any CPU
		{12E98D35-F076-46EA-BBED-26F2F810970C}.Release|Any CPU.ActiveCfg = Release|Any CPU
		{12E98D35-F076-46EA-BBED-26F2F810970C}.Release|Any CPU.Build.0 = Release|Any CPU
		{BB11556A-4C38-4C64-AB08-E7E2E77FAE65}.Debug|Any CPU.ActiveCfg = Debug|Any CPU
		{BB11556A-4C38-4C64-AB08-E7E2E77FAE65}.Debug|Any CPU.Build.0 = Debug|Any CPU
		{BB11556A-4C38-4C64-AB08-E7E2E77FAE65}.Release|Any CPU.ActiveCfg = Release|Any CPU
		{BB11556A-4C38-4C64-AB08-E7E2E77FAE65}.Release|Any CPU.Build.0 = Release|Any CPU
		{D5303EBE-2F41-48E9-A5E6-3CCB47743D36}.Debug|Any CPU.ActiveCfg = Debug|Any CPU
		{D5303EBE-2F41-48E9-A5E6-3CCB47743D36}.Debug|Any CPU.Build.0 = Debug|Any CPU
		{D5303EBE-2F41-48E9-A5E6-3CCB47743D36}.Release|Any CPU.ActiveCfg = Release|Any CPU
		{D5303EBE-2F41-48E9-A5E6-3CCB47743D36}.Release|Any CPU.Build.0 = Release|Any CPU
	EndGlobalSection
	GlobalSection(SolutionProperties) = preSolution
		HideSolutionNode = FALSE
	EndGlobalSection
	GlobalSection(ExtensibilityGlobals) = postSolution
		SolutionGuid = {932DFBC4-EBC9-45F6-9C59-7F2392DDCE82}
	EndGlobalSection
EndGlobal
